{
  "name": "@jamestomasino/nuxt-isi",
  "version": "1.0.0",
  "lockfileVersion": 2,
  "requires": true,
  "packages": {
    "": {
      "name": "@jamestomasino/nuxt-isi",
      "version": "1.0.0",
      "license": "AGPL-3.0-or-later",
      "dependencies": {
        "@jamestomasino/scroll-frame": "^1.1.0"
      }
    },
    "node_modules/@jamestomasino/scroll-frame": {
      "version": "1.1.0",
      "resolved": "https://registry.npmjs.org/@jamestomasino/scroll-frame/-/scroll-frame-1.1.0.tgz",
      "integrity": "sha512-vWsbt8HYHdIhP/SWEKTKbRZQN5imfxaLi+OYar/kas6ghW6NnAxTR1e4zJ7ng9U53K+blCfhjueERh6/M7G6Uw=="
    }
  },
  "dependencies": {
    "@jamestomasino/scroll-frame": {
      "version": "1.1.0",
      "resolved": "https://registry.npmjs.org/@jamestomasino/scroll-frame/-/scroll-frame-1.1.0.tgz",
      "integrity": "sha512-vWsbt8HYHdIhP/SWEKTKbRZQN5imfxaLi+OYar/kas6ghW6NnAxTR1e4zJ7ng9U53K+blCfhjueERh6/M7G6Uw=="
    }
  }
}
